
Microsoft Visual Studio Solution File, Format Version 12.00
# Visual Studio Version 16
VisualStudioVersion = 16.0.30611.23
MinimumVisualStudioVersion = 10.0.40219.1
Project("{FAE04EC0-301F-11D3-BF4B-00C04F79EFBC}") = "PersonalAgenda.Android", "PersonalAgenda.Android\PersonalAgenda.Android.csproj", "{3343AA5E-EC8E-47FE-AE0C-6F37082AACCB}"
EndProject
Project("{FAE04EC0-301F-11D3-BF4B-00C04F79EFBC}") = "PersonalAgenda.iOS", "PersonalAgenda.iOS\PersonalAgenda.iOS.csproj", "{65AF692A-053D-40B2-A4B3-0A17FC0FF2FE}"
EndProject
Project("{FAE04EC0-301F-11D3-BF4B-00C04F79EFBC}") = "PersonalAgenda", "PersonalAgenda\PersonalAgenda.csproj", "{839A7CA5-EB1F-4191-A236-EF79ED6A2EA5}"
EndProject
Global
	GlobalSection(SolutionConfigurationPlatforms) = preSolution
		Debug|Any CPU = Debug|Any CPU
		Debug|iPhone = Debug|iPhone
		Debug|iPhoneSimulator = Debug|iPhoneSimulator
		Release|Any CPU = Release|Any CPU
		Release|iPhone = Release|iPhone
		Release|iPhoneSimulator = Release|iPhoneSimulator
	EndGlobalSection
	GlobalSection(ProjectConfigurationPlatforms) = postSolution
		{3343AA5E-EC8E-47FE-AE0C-6F37082AACCB}.Debug|Any CPU.ActiveCfg = Debug|Any CPU
		{3343AA5E-EC8E-47FE-AE0C-6F37082AACCB}.Debug|Any CPU.Build.0 = Debug|Any CPU
		{3343AA5E-EC8E-47FE-AE0C-6F37082AACCB}.Debug|Any CPU.Deploy.0 = Debug|Any CPU
		{3343AA5E-EC8E-47FE-AE0C-6F37082AACCB}.Debug|iPhone.ActiveCfg = Debug|Any CPU
		{3343AA5E-EC8E-47FE-AE0C-6F37082AACCB}.Debug|iPhone.Build.0 = Debug|Any CPU
		{3343AA5E-EC8E-47FE-AE0C-6F37082AACCB}.Debug|iPhone.Deploy.0 = Debug|Any CPU
		{3343AA5E-EC8E-47FE-AE0C-6F37082AACCB}.Debug|iPhoneSimulator.ActiveCfg = Debug|Any CPU
		{3343AA5E-EC8E-47FE-AE0C-6F37082AACCB}.Debug|iPhoneSimulator.Build.0 = Debug|Any CPU
		{3343AA5E-EC8E-47FE-AE0C-6F37082AACCB}.Debug|iPhoneSimulator.Deploy.0 = Debug|Any CPU
		{3343AA5E-EC8E-47FE-AE0C-6F37082AACCB}.Release|Any CPU.ActiveCfg = Release|Any CPU
		{3343AA5E-EC8E-47FE-AE0C-6F37082AACCB}.Release|Any CPU.Build.0 = Release|Any CPU
		{3343AA5E-EC8E-47FE-AE0C-6F37082AACCB}.Release|Any CPU.Deploy.0 = Release|Any CPU
		{3343AA5E-EC8E-47FE-AE0C-6F37082AACCB}.Release|iPhone.ActiveCfg = Release|Any CPU
		{3343AA5E-EC8E-47FE-AE0C-6F37082AACCB}.Release|iPhone.Build.0 = Release|Any CPU
		{3343AA5E-EC8E-47FE-AE0C-6F37082AACCB}.Release|iPhone.Deploy.0 = Release|Any CPU
		{3343AA5E-EC8E-47FE-AE0C-6F37082AACCB}.Release|iPhoneSimulator.ActiveCfg = Release|Any CPU
		{3343AA5E-EC8E-47FE-AE0C-6F37082AACCB}.Release|iPhoneSimulator.Build.0 = Release|Any CPU
		{3343AA5E-EC8E-47FE-AE0C-6F37082AACCB}.Release|iPhoneSimulator.Deploy.0 = Release|Any CPU
		{65AF692A-053D-40B2-A4B3-0A17FC0FF2FE}.Debug|Any CPU.ActiveCfg = Debug|iPhone
		{65AF692A-053D-40B2-A4B3-0A17FC0FF2FE}.Debug|Any CPU.Build.0 = Debug|iPhone
		{65AF692A-053D-40B2-A4B3-0A17FC0FF2FE}.Debug|Any CPU.Deploy.0 = Debug|iPhone
		{65AF692A-053D-40B2-A4B3-0A17FC0FF2FE}.Debug|iPhone.ActiveCfg = Debug|iPhone
		{65AF692A-053D-40B2-A4B3-0A17FC0FF2FE}.Debug|iPhone.Build.0 = Debug|iPhone
		{65AF692A-053D-40B2-A4B3-0A17FC0FF2FE}.Debug|iPhone.Deploy.0 = Debug|iPhone
		{65AF692A-053D-40B2-A4B3-0A17FC0FF2FE}.Debug|iPhoneSimulator.ActiveCfg = Debug|iPhoneSimulator
		{65AF692A-053D-40B2-A4B3-0A17FC0FF2FE}.Debug|iPhoneSimulator.Build.0 = Debug|iPhoneSimulator
		{65AF692A-053D-40B2-A4B3-0A17FC0FF2FE}.Debug|iPhoneSimulator.Deploy.0 = Debug|iPhoneSimulator
		{65AF692A-053D-40B2-A4B3-0A17FC0FF2FE}.Release|Any CPU.ActiveCfg = Release|iPhoneSimulator
		{65AF692A-053D-40B2-A4B3-0A17FC0FF2FE}.Release|Any CPU.Build.0 = Release|iPhoneSimulator
		{65AF692A-053D-40B2-A4B3-0A17FC0FF2FE}.Release|Any CPU.Deploy.0 = Release|iPhoneSimulator
		{65AF692A-053D-40B2-A4B3-0A17FC0FF2FE}.Release|iPhone.ActiveCfg = Release|iPhone
		{65AF692A-053D-40B2-A4B3-0A17FC0FF2FE}.Release|iPhone.Build.0 = Release|iPhone
		{65AF692A-053D-40B2-A4B3-0A17FC0FF2FE}.Release|iPhone.Deploy.0 = Release|iPhone
		{65AF692A-053D-40B2-A4B3-0A17FC0FF2FE}.Release|iPhoneSimulator.ActiveCfg = Release|iPhoneSimulator
		{65AF692A-053D-40B2-A4B3-0A17FC0FF2FE}.Release|iPhoneSimulator.Build.0 = Release|iPhoneSimulator
		{65AF692A-053D-40B2-A4B3-0A17FC0FF2FE}.Release|iPhoneSimulator.Deploy.0 = Release|iPhoneSimulator
		{839A7CA5-EB1F-4191-A236-EF79ED6A2EA5}.Debug|Any CPU.ActiveCfg = Debug|Any CPU
		{839A7CA5-EB1F-4191-A236-EF79ED6A2EA5}.Debug|Any CPU.Build.0 = Debug|Any CPU
		{839A7CA5-EB1F-4191-A236-EF79ED6A2EA5}.Debug|Any CPU.Deploy.0 = Debug|Any CPU
		{839A7CA5-EB1F-4191-A236-EF79ED6A2EA5}.Debug|iPhone.ActiveCfg = Debug|Any CPU
		{839A7CA5-EB1F-4191-A236-EF79ED6A2EA5}.Debug|iPhone.Build.0 = Debug|Any CPU
		{839A7CA5-EB1F-4191-A236-EF79ED6A2EA5}.Debug|iPhone.Deploy.0 = Debug|Any CPU
		{839A7CA5-EB1F-4191-A236-EF79ED6A2EA5}.Debug|iPhoneSimulator.ActiveCfg = Debug|Any CPU
		{839A7CA5-EB1F-4191-A236-EF79ED6A2EA5}.Debug|iPhoneSimulator.Build.0 = Debug|Any CPU
		{839A7CA5-EB1F-4191-A236-EF79ED6A2EA5}.Debug|iPhoneSimulator.Deploy.0 = Debug|Any CPU
		{839A7CA5-EB1F-4191-A236-EF79ED6A2EA5}.Release|Any CPU.ActiveCfg = Release|Any CPU
		{839A7CA5-EB1F-4191-A236-EF79ED6A2EA5}.Release|Any CPU.Build.0 = Release|Any CPU
		{839A7CA5-EB1F-4191-A236-EF79ED6A2EA5}.Release|Any CPU.Deploy.0 = Release|Any CPU
		{839A7CA5-EB1F-4191-A236-EF79ED6A2EA5}.Release|iPhone.ActiveCfg = Release|Any CPU
		{839A7CA5-EB1F-4191-A236-EF79ED6A2EA5}.Release|iPhone.Build.0 = Release|Any CPU
		{839A7CA5-EB1F-4191-A236-EF79ED6A2EA5}.Release|iPhone.Deploy.0 = Release|Any CPU
		{839A7CA5-EB1F-4191-A236-EF79ED6A2EA5}.Release|iPhoneSimulator.ActiveCfg = Release|Any CPU
		{839A7CA5-EB1F-4191-A236-EF79ED6A2EA5}.Release|iPhoneSimulator.Build.0 = Release|Any CPU
		{839A7CA5-EB1F-4191-A236-EF79ED6A2EA5}.Release|iPhoneSimulator.Deploy.0 = Release|Any CPU
	EndGlobalSection
	GlobalSection(SolutionProperties) = preSolution
		HideSolutionNode = FALSE
	EndGlobalSection
	GlobalSection(ExtensibilityGlobals) = postSolution
		SolutionGuid = {70DB6A02-C5CF-40B5-8F46-10E9767B5E65}
	EndGlobalSection
EndGlobal
